
Microsoft Visual Studio Solution File, Format Version 12.00
# Visual Studio Version 17
VisualStudioVersion = 17.0.32112.339
MinimumVisualStudioVersion = 10.0.40219.1
Project("{9A19103F-16F7-4668-BE54-9A1E7A4F7556}") = "TECHIS.Cloud.AzureStorage", "TECHIS.Cloud.AzureStorage\TECHIS.Cloud.AzureStorage.csproj", "{3E5DC8F3-D513-4A7B-912F-946705C3792B}"
EndProject
Project("{9A19103F-16F7-4668-BE54-9A1E7A4F7556}") = "Test.Cloud.AzureStorage", "Test.Cloud.AzureStorage\Test.Cloud.AzureStorage.csproj", "{18806F27-86EF-45B8-90AC-0DA46EE0473F}"
EndProject
Project("{FAE04EC0-301F-11D3-BF4B-00C04F79EFBC}") = "Test.TECHIS.Cloud.AzureStorage", "Test.TECHIS.Cloud.AzureStorage\Test.TECHIS.Cloud.AzureStorage.csproj", "{9484DFDB-00C7-46EE-A972-F5545C993903}"
EndProject
Global
	GlobalSection(SolutionConfigurationPlatforms) = preSolution
		Debug|Any CPU = Debug|Any CPU
		Release|Any CPU = Release|Any CPU
	EndGlobalSection
	GlobalSection(ProjectConfigurationPlatforms) = postSolution
		{3E5DC8F3-D513-4A7B-912F-946705C3792B}.Debug|Any CPU.ActiveCfg = Debug|Any CPU
		{3E5DC8F3-D513-4A7B-912F-946705C3792B}.Debug|Any CPU.Build.0 = Debug|Any CPU
		{3E5DC8F3-D513-4A7B-912F-946705C3792B}.Release|Any CPU.ActiveCfg = Release|Any CPU
		{3E5DC8F3-D513-4A7B-912F-946705C3792B}.Release|Any CPU.Build.0 = Release|Any CPU
		{18806F27-86EF-45B8-90AC-0DA46EE0473F}.Debug|Any CPU.ActiveCfg = Debug|Any CPU
		{18806F27-86EF-45B8-90AC-0DA46EE0473F}.Debug|Any CPU.Build.0 = Debug|Any CPU
		{18806F27-86EF-45B8-90AC-0DA46EE0473F}.Release|Any CPU.ActiveCfg = Release|Any CPU
		{18806F27-86EF-45B8-90AC-0DA46EE0473F}.Release|Any CPU.Build.0 = Release|Any CPU
		{9484DFDB-00C7-46EE-A972-F5545C993903}.Debug|Any CPU.ActiveCfg = Debug|Any CPU
		{9484DFDB-00C7-46EE-A972-F5545C993903}.Debug|Any CPU.Build.0 = Debug|Any CPU
		{9484DFDB-00C7-46EE-A972-F5545C993903}.Release|Any CPU.ActiveCfg = Release|Any CPU
		{9484DFDB-00C7-46EE-A972-F5545C993903}.Release|Any CPU.Build.0 = Release|Any CPU
	EndGlobalSection
	GlobalSection(SolutionProperties) = preSolution
		HideSolutionNode = FALSE
	EndGlobalSection
	GlobalSection(ExtensibilityGlobals) = postSolution
		SolutionGuid = {62D57080-14D4-4415-9912-F13F74250D8A}
	EndGlobalSection
EndGlobal
